
Microsoft Visual Studio Solution File, Format Version 9.00
# Visual Studio 2005
# Clarion 2.1.0.2447
Project("{12B76EC0-1D7B-4FA7-A7D0-C524288B48A1}") = "CLASTR", "CLASTR.cwproj", "{E1619CDF-C078-47FB-AC23-12BB025FBF3D}"
EndProject
Project("{12B76EC0-1D7B-4FA7-A7D0-C524288B48A1}") = "CLASTRL", "CLASTRL.cwproj", "{B2700716-8ACA-42B1-9F8C-F0C94BB48715}"
	ProjectSection(ProjectDependencies) = postProject
		{E1619CDF-C078-47FB-AC23-12BB025FBF3D} = {E1619CDF-C078-47FB-AC23-12BB025FBF3D}
	EndProjectSection
EndProject
Project("{12B76EC0-1D7B-4FA7-A7D0-C524288B48A1}") = "CLAOBD", "CLAOBD.cwproj", "{643B3249-59DF-46D6-9E51-B9A13DDDA02B}"
	ProjectSection(ProjectDependencies) = postProject
		{E1619CDF-C078-47FB-AC23-12BB025FBF3D} = {E1619CDF-C078-47FB-AC23-12BB025FBF3D}
		{B2700716-8ACA-42B1-9F8C-F0C94BB48715} = {B2700716-8ACA-42B1-9F8C-F0C94BB48715}
	EndProjectSection
EndProject
Project("{12B76EC0-1D7B-4FA7-A7D0-C524288B48A1}") = "CLAOBDL", "CLAOBDL.cwproj", "{C71019C0-9F45-4867-BF6D-4E336FB0E0ED}"
	ProjectSection(ProjectDependencies) = postProject
		{B2700716-8ACA-42B1-9F8C-F0C94BB48715} = {B2700716-8ACA-42B1-9F8C-F0C94BB48715}
		{643B3249-59DF-46D6-9E51-B9A13DDDA02B} = {643B3249-59DF-46D6-9E51-B9A13DDDA02B}
	EndProjectSection
EndProject
Project("{12B76EC0-1D7B-4FA7-A7D0-C524288B48A1}") = "CLADOS2", "CLADOS2.cwproj", "{79E2D81E-4E80-4F1F-8F60-895A130D27B5}"
	ProjectSection(ProjectDependencies) = postProject
		{643B3249-59DF-46D6-9E51-B9A13DDDA02B} = {643B3249-59DF-46D6-9E51-B9A13DDDA02B}
		{E1619CDF-C078-47FB-AC23-12BB025FBF3D} = {E1619CDF-C078-47FB-AC23-12BB025FBF3D}
	EndProjectSection
EndProject
Project("{12B76EC0-1D7B-4FA7-A7D0-C524288B48A1}") = "CLADOS2L", "CLADOS2L.cwproj", "{42940C56-E8BF-47C8-8B1A-B6411C254B5E}"
	ProjectSection(ProjectDependencies) = postProject
		{C71019C0-9F45-4867-BF6D-4E336FB0E0ED} = {C71019C0-9F45-4867-BF6D-4E336FB0E0ED}
		{B2700716-8ACA-42B1-9F8C-F0C94BB48715} = {B2700716-8ACA-42B1-9F8C-F0C94BB48715}
		{79E2D81E-4E80-4F1F-8F60-895A130D27B5} = {79E2D81E-4E80-4F1F-8F60-895A130D27B5}
	EndProjectSection
EndProject
Project("{12B76EC0-1D7B-4FA7-A7D0-C524288B48A1}") = "CLALIT2", "CLALIT2.cwproj", "{CAC39FC4-4E77-467B-A7E2-B22419AA6A4E}"
	ProjectSection(ProjectDependencies) = postProject
		{643B3249-59DF-46D6-9E51-B9A13DDDA02B} = {643B3249-59DF-46D6-9E51-B9A13DDDA02B}
		{E1619CDF-C078-47FB-AC23-12BB025FBF3D} = {E1619CDF-C078-47FB-AC23-12BB025FBF3D}
		{B2700716-8ACA-42B1-9F8C-F0C94BB48715} = {B2700716-8ACA-42B1-9F8C-F0C94BB48715}
		{C71019C0-9F45-4867-BF6D-4E336FB0E0ED} = {C71019C0-9F45-4867-BF6D-4E336FB0E0ED}
		{79E2D81E-4E80-4F1F-8F60-895A130D27B5} = {79E2D81E-4E80-4F1F-8F60-895A130D27B5}
		{42940C56-E8BF-47C8-8B1A-B6411C254B5E} = {42940C56-E8BF-47C8-8B1A-B6411C254B5E}
	EndProjectSection
EndProject
Project("{12B76EC0-1D7B-4FA7-A7D0-C524288B48A1}") = "CLALIT2L", "CLALIT2L.cwproj", "{47435B68-BF72-4327-A53D-4C6BF7AFFDF0}"
	ProjectSection(ProjectDependencies) = postProject
		{C71019C0-9F45-4867-BF6D-4E336FB0E0ED} = {C71019C0-9F45-4867-BF6D-4E336FB0E0ED}
		{B2700716-8ACA-42B1-9F8C-F0C94BB48715} = {B2700716-8ACA-42B1-9F8C-F0C94BB48715}
		{643B3249-59DF-46D6-9E51-B9A13DDDA02B} = {643B3249-59DF-46D6-9E51-B9A13DDDA02B}
		{CAC39FC4-4E77-467B-A7E2-B22419AA6A4E} = {CAC39FC4-4E77-467B-A7E2-B22419AA6A4E}
		{79E2D81E-4E80-4F1F-8F60-895A130D27B5} = {79E2D81E-4E80-4F1F-8F60-895A130D27B5}
		{42940C56-E8BF-47C8-8B1A-B6411C254B5E} = {42940C56-E8BF-47C8-8B1A-B6411C254B5E}
	EndProjectSection
EndProject
Project("{12B76EC0-1D7B-4FA7-A7D0-C524288B48A1}") = "CLAMEM2", "CLAMEM2.cwproj", "{A4CCFDEB-742E-465D-BC22-477DA057C01D}"
	ProjectSection(ProjectDependencies) = postProject
		{CAC39FC4-4E77-467B-A7E2-B22419AA6A4E} = {CAC39FC4-4E77-467B-A7E2-B22419AA6A4E}
		{B2700716-8ACA-42B1-9F8C-F0C94BB48715} = {B2700716-8ACA-42B1-9F8C-F0C94BB48715}
		{C71019C0-9F45-4867-BF6D-4E336FB0E0ED} = {C71019C0-9F45-4867-BF6D-4E336FB0E0ED}
		{47435B68-BF72-4327-A53D-4C6BF7AFFDF0} = {47435B68-BF72-4327-A53D-4C6BF7AFFDF0}
		{79E2D81E-4E80-4F1F-8F60-895A130D27B5} = {79E2D81E-4E80-4F1F-8F60-895A130D27B5}
		{42940C56-E8BF-47C8-8B1A-B6411C254B5E} = {42940C56-E8BF-47C8-8B1A-B6411C254B5E}
	EndProjectSection
EndProject
Project("{12B76EC0-1D7B-4FA7-A7D0-C524288B48A1}") = "CLAMEM2L", "CLAMEM2L.cwproj", "{1B67C099-9E5F-4472-97FE-BFCC7194C5CE}"
	ProjectSection(ProjectDependencies) = postProject
		{643B3249-59DF-46D6-9E51-B9A13DDDA02B} = {643B3249-59DF-46D6-9E51-B9A13DDDA02B}
		{B2700716-8ACA-42B1-9F8C-F0C94BB48715} = {B2700716-8ACA-42B1-9F8C-F0C94BB48715}
		{C71019C0-9F45-4867-BF6D-4E336FB0E0ED} = {C71019C0-9F45-4867-BF6D-4E336FB0E0ED}
		{CAC39FC4-4E77-467B-A7E2-B22419AA6A4E} = {CAC39FC4-4E77-467B-A7E2-B22419AA6A4E}
		{47435B68-BF72-4327-A53D-4C6BF7AFFDF0} = {47435B68-BF72-4327-A53D-4C6BF7AFFDF0}
		{A4CCFDEB-742E-465D-BC22-477DA057C01D} = {A4CCFDEB-742E-465D-BC22-477DA057C01D}
		{79E2D81E-4E80-4F1F-8F60-895A130D27B5} = {79E2D81E-4E80-4F1F-8F60-895A130D27B5}
		{42940C56-E8BF-47C8-8B1A-B6411C254B5E} = {42940C56-E8BF-47C8-8B1A-B6411C254B5E}
	EndProjectSection
EndProject
Project("{12B76EC0-1D7B-4FA7-A7D0-C524288B48A1}") = "CLAMSS2", "CLAMSS2.cwproj", "{5E5554E3-E335-41AD-A8B1-2D313C6F0C6C}"
EndProject
Project("{12B76EC0-1D7B-4FA7-A7D0-C524288B48A1}") = "CLAMSS2L", "CLAMSS2L.cwproj", "{5DC0C18B-3D5A-4CF1-AE26-B6764C623E18}"
EndProject
Global
	GlobalSection(SolutionConfigurationPlatforms) = preSolution
		Debug|Any CPU = Debug|Any CPU
		Release|Any CPU = Release|Any CPU
	EndGlobalSection
	GlobalSection(ProjectConfigurationPlatforms) = postSolution
		{E1619CDF-C078-47FB-AC23-12BB025FBF3D}.Debug|Any CPU.Build.0 = Debug|Any CPU
		{E1619CDF-C078-47FB-AC23-12BB025FBF3D}.Debug|Any CPU.ActiveCfg = Debug|Any CPU
		{E1619CDF-C078-47FB-AC23-12BB025FBF3D}.Release|Any CPU.Build.0 = Release|Any CPU
		{E1619CDF-C078-47FB-AC23-12BB025FBF3D}.Release|Any CPU.ActiveCfg = Release|Any CPU
		{B2700716-8ACA-42B1-9F8C-F0C94BB48715}.Debug|Any CPU.Build.0 = Debug|Any CPU
		{B2700716-8ACA-42B1-9F8C-F0C94BB48715}.Debug|Any CPU.ActiveCfg = Debug|Any CPU
		{B2700716-8ACA-42B1-9F8C-F0C94BB48715}.Release|Any CPU.Build.0 = Release|Any CPU
		{B2700716-8ACA-42B1-9F8C-F0C94BB48715}.Release|Any CPU.ActiveCfg = Release|Any CPU
		{643B3249-59DF-46D6-9E51-B9A13DDDA02B}.Debug|Any CPU.Build.0 = Debug|Any CPU
		{643B3249-59DF-46D6-9E51-B9A13DDDA02B}.Debug|Any CPU.ActiveCfg = Debug|Any CPU
		{643B3249-59DF-46D6-9E51-B9A13DDDA02B}.Release|Any CPU.Build.0 = Release|Any CPU
		{643B3249-59DF-46D6-9E51-B9A13DDDA02B}.Release|Any CPU.ActiveCfg = Release|Any CPU
		{C71019C0-9F45-4867-BF6D-4E336FB0E0ED}.Debug|Any CPU.Build.0 = Debug|Any CPU
		{C71019C0-9F45-4867-BF6D-4E336FB0E0ED}.Debug|Any CPU.ActiveCfg = Debug|Any CPU
		{C71019C0-9F45-4867-BF6D-4E336FB0E0ED}.Release|Any CPU.Build.0 = Release|Any CPU
		{C71019C0-9F45-4867-BF6D-4E336FB0E0ED}.Release|Any CPU.ActiveCfg = Release|Any CPU
		{79E2D81E-4E80-4F1F-8F60-895A130D27B5}.Debug|Any CPU.Build.0 = Debug|Any CPU
		{79E2D81E-4E80-4F1F-8F60-895A130D27B5}.Debug|Any CPU.ActiveCfg = Debug|Any CPU
		{79E2D81E-4E80-4F1F-8F60-895A130D27B5}.Release|Any CPU.Build.0 = Release|Any CPU
		{79E2D81E-4E80-4F1F-8F60-895A130D27B5}.Release|Any CPU.ActiveCfg = Release|Any CPU
		{42940C56-E8BF-47C8-8B1A-B6411C254B5E}.Debug|Any CPU.Build.0 = Debug|Any CPU
		{42940C56-E8BF-47C8-8B1A-B6411C254B5E}.Debug|Any CPU.ActiveCfg = Debug|Any CPU
		{42940C56-E8BF-47C8-8B1A-B6411C254B5E}.Release|Any CPU.Build.0 = Release|Any CPU
		{42940C56-E8BF-47C8-8B1A-B6411C254B5E}.Release|Any CPU.ActiveCfg = Release|Any CPU
		{CAC39FC4-4E77-467B-A7E2-B22419AA6A4E}.Debug|Any CPU.Build.0 = Debug|Any CPU
		{CAC39FC4-4E77-467B-A7E2-B22419AA6A4E}.Debug|Any CPU.ActiveCfg = Debug|Any CPU
		{CAC39FC4-4E77-467B-A7E2-B22419AA6A4E}.Release|Any CPU.Build.0 = Release|Any CPU
		{CAC39FC4-4E77-467B-A7E2-B22419AA6A4E}.Release|Any CPU.ActiveCfg = Release|Any CPU
		{47435B68-BF72-4327-A53D-4C6BF7AFFDF0}.Debug|Any CPU.Build.0 = Debug|Any CPU
		{47435B68-BF72-4327-A53D-4C6BF7AFFDF0}.Debug|Any CPU.ActiveCfg = Debug|Any CPU
		{47435B68-BF72-4327-A53D-4C6BF7AFFDF0}.Release|Any CPU.Build.0 = Release|Any CPU
		{47435B68-BF72-4327-A53D-4C6BF7AFFDF0}.Release|Any CPU.ActiveCfg = Release|Any CPU
		{A4CCFDEB-742E-465D-BC22-477DA057C01D}.Debug|Any CPU.Build.0 = Debug|Any CPU
		{A4CCFDEB-742E-465D-BC22-477DA057C01D}.Debug|Any CPU.ActiveCfg = Debug|Any CPU
		{A4CCFDEB-742E-465D-BC22-477DA057C01D}.Release|Any CPU.Build.0 = Release|Any CPU
		{A4CCFDEB-742E-465D-BC22-477DA057C01D}.Release|Any CPU.ActiveCfg = Release|Any CPU
		{1B67C099-9E5F-4472-97FE-BFCC7194C5CE}.Debug|Any CPU.Build.0 = Debug|Any CPU
		{1B67C099-9E5F-4472-97FE-BFCC7194C5CE}.Debug|Any CPU.ActiveCfg = Debug|Any CPU
		{1B67C099-9E5F-4472-97FE-BFCC7194C5CE}.Release|Any CPU.Build.0 = Release|Any CPU
		{1B67C099-9E5F-4472-97FE-BFCC7194C5CE}.Release|Any CPU.ActiveCfg = Release|Any CPU
		{5E5554E3-E335-41AD-A8B1-2D313C6F0C6C}.Debug|Any CPU.Build.0 = Debug|Any CPU
		{5E5554E3-E335-41AD-A8B1-2D313C6F0C6C}.Debug|Any CPU.ActiveCfg = Debug|Any CPU
		{5E5554E3-E335-41AD-A8B1-2D313C6F0C6C}.Release|Any CPU.Build.0 = Release|Any CPU
		{5E5554E3-E335-41AD-A8B1-2D313C6F0C6C}.Release|Any CPU.ActiveCfg = Release|Any CPU
		{5DC0C18B-3D5A-4CF1-AE26-B6764C623E18}.Debug|Any CPU.Build.0 = Debug|Any CPU
		{5DC0C18B-3D5A-4CF1-AE26-B6764C623E18}.Debug|Any CPU.ActiveCfg = Debug|Any CPU
		{5DC0C18B-3D5A-4CF1-AE26-B6764C623E18}.Release|Any CPU.Build.0 = Release|Any CPU
		{5DC0C18B-3D5A-4CF1-AE26-B6764C623E18}.Release|Any CPU.ActiveCfg = Release|Any CPU
		{73A4ADD5-4245-4886-AC84-9EA69A8CA663}.Debug|Any CPU.Build.0 = Debug|Any CPU
		{73A4ADD5-4245-4886-AC84-9EA69A8CA663}.Debug|Any CPU.ActiveCfg = Debug|Any CPU
		{73A4ADD5-4245-4886-AC84-9EA69A8CA663}.Release|Any CPU.Build.0 = Release|Any CPU
		{73A4ADD5-4245-4886-AC84-9EA69A8CA663}.Release|Any CPU.ActiveCfg = Release|Any CPU
	EndGlobalSection
EndGlobal
